
Microsoft Visual Studio Solution File, Format Version 12.00
# Visual Studio Version 16
VisualStudioVersion = 16.0.29509.3
MinimumVisualStudioVersion = 10.0.40219.1
Project("{FAE04EC0-301F-11D3-BF4B-00C04F79EFBC}") = "AnalyzerPlugin", "AnalyzerPlugin\AnalyzerPlugin.csproj", "{AE991EBE-D7B0-4A7F-A21E-15E31C3A4770}"
EndProject
Global
	GlobalSection(SolutionConfigurationPlatforms) = preSolution
		Debug|Any CPU = Debug|Any CPU
		Release|Any CPU = Release|Any CPU
	EndGlobalSection
	GlobalSection(ProjectConfigurationPlatforms) = postSolution
		{AE991EBE-D7B0-4A7F-A21E-15E31C3A4770}.Debug|Any CPU.ActiveCfg = Debug|Any CPU
		{AE991EBE-D7B0-4A7F-A21E-15E31C3A4770}.Debug|Any CPU.Build.0 = Debug|Any CPU
		{AE991EBE-D7B0-4A7F-A21E-15E31C3A4770}.Release|Any CPU.ActiveCfg = Release|Any CPU
		{AE991EBE-D7B0-4A7F-A21E-15E31C3A4770}.Release|Any CPU.Build.0 = Release|Any CPU
	EndGlobalSection
	GlobalSection(SolutionProperties) = preSolution
		HideSolutionNode = FALSE
	EndGlobalSection
	GlobalSection(ExtensibilityGlobals) = postSolution
		SolutionGuid = {10E5301D-3E0A-46A3-B80F-C53F65108BD1}
	EndGlobalSection
EndGlobal
