
Microsoft Visual Studio Solution File, Format Version 12.00
# Visual Studio Version 17
VisualStudioVersion = 17.0.32014.148
MinimumVisualStudioVersion = 10.0.40219.1
Project("{2150E333-8FDC-42A3-9474-1A3956D46DE8}") = "10 - Back-end", "10 - Back-end", "{25C2E758-AC65-4A3A-A11A-2D3510C01BB8}"
EndProject
Project("{2150E333-8FDC-42A3-9474-1A3956D46DE8}") = "20 - Front-end", "20 - Front-end", "{D8082781-8981-4B17-9E4A-5C25EF7E3892}"
EndProject
Project("{9A19103F-16F7-4668-BE54-9A1E7A4F7556}") = "PatternPal.Core", "PatternPal.Core\PatternPal.Core.csproj", "{39C79D09-34DA-496B-936D-4387F5DB9104}"
EndProject
Project("{2150E333-8FDC-42A3-9474-1A3956D46DE8}") = "30 - Tests", "30 - Tests", "{42465826-0737-421D-9D08-30F8C43D7912}"
EndProject
Project("{9A19103F-16F7-4668-BE54-9A1E7A4F7556}") = "PatternPal.ConsoleApp", "PatternPal.Console\PatternPal.ConsoleApp.csproj", "{83CEFCB8-F33A-4946-882D-62407F1F7D19}"
EndProject
Project("{9A19103F-16F7-4668-BE54-9A1E7A4F7556}") = "PatternPal.Tests", "PatternPal.Tests\PatternPal.Tests.csproj", "{026711C4-E66B-4553-8EA4-F7FE89A70C85}"
	ProjectSection(ProjectDependencies) = postProject
		{409D427A-F297-41D3-BCB3-FAA3ABBFDD8E} = {409D427A-F297-41D3-BCB3-FAA3ABBFDD8E}
		{86E26B75-AEA1-43FA-AEC5-A81131606D13} = {86E26B75-AEA1-43FA-AEC5-A81131606D13}
	EndProjectSection
EndProject
Project("{FAE04EC0-301F-11D3-BF4B-00C04F79EFBC}") = "PatternPal.Extension", "PatternPal.Extension\PatternPal.Extension.csproj", "{6D62168E-3F32-47F9-8BC0-514BF633F903}"
	ProjectSection(ProjectDependencies) = postProject
		{1BA98BCC-D3F8-4982-8B66-AD37AAED39A3} = {1BA98BCC-D3F8-4982-8B66-AD37AAED39A3}
	EndProjectSection
EndProject
Project("{9A19103F-16F7-4668-BE54-9A1E7A4F7556}") = "PatternPal.SyntaxTree", "PatternPal.SyntaxTree\PatternPal.SyntaxTree.csproj", "{86E26B75-AEA1-43FA-AEC5-A81131606D13}"
EndProject
Project("{9A19103F-16F7-4668-BE54-9A1E7A4F7556}") = "PatternPal.TestRunner", "PatternPal.TestRunner\PatternPal.TestRunner.csproj", "{7F41BB23-A8CE-4C6B-BAA9-B00AB47283E0}"
EndProject
Project("{9A19103F-16F7-4668-BE54-9A1E7A4F7556}") = "PatternPal", "PatternPal\PatternPal.csproj", "{1BA98BCC-D3F8-4982-8B66-AD37AAED39A3}"
EndProject
Project("{9A19103F-16F7-4668-BE54-9A1E7A4F7556}") = "PatternPal.Extension.Protos", "PatternPal.Extension.Protos\PatternPal.Extension.Protos.csproj", "{070AAD55-A535-4E4C-9D33-039D3E370187}"
EndProject
Project("{9A19103F-16F7-4668-BE54-9A1E7A4F7556}") = "PatternPal.LoggingServer", "PatternPal.LoggingServer\PatternPal.LoggingServer.csproj", "{409D427A-F297-41D3-BCB3-FAA3ABBFDD8E}"
EndProject
Project("{E53339B2-1760-4266-BCC7-CA923CBCF16C}") = "docker-compose", "docker-compose.dcproj", "{A48AD329-E1C5-4C62-A86C-771DF54E8DB1}"
EndProject
Project("{2150E333-8FDC-42A3-9474-1A3956D46DE8}") = "Logging", "Logging", "{92AD1B40-F1BD-4112-814A-6F94A1501FEE}"
EndProject
Project("{9A19103F-16F7-4668-BE54-9A1E7A4F7556}") = "PatternPal.LoggingServerTests", "PatternPal.LoggingServerTests\PatternPal.LoggingServerTests.csproj", "{08E5C551-9568-4D5D-8416-BB4BA8445EC2}"
EndProject
Project("{9A19103F-16F7-4668-BE54-9A1E7A4F7556}") = "PatternPal.ProgSnapExport", "PatternPal.ProgSnapExport\PatternPal.ProgSnapExport.csproj", "{A3766C67-CE33-4CD7-956D-C9237262B5E4}"
EndProject
Global
	GlobalSection(SolutionConfigurationPlatforms) = preSolution
		Debug|Any CPU = Debug|Any CPU
		Debug|arm64 = Debug|arm64
		Debug|x86 = Debug|x86
		Release|Any CPU = Release|Any CPU
		Release|arm64 = Release|arm64
		Release|x86 = Release|x86
	EndGlobalSection
	GlobalSection(ProjectConfigurationPlatforms) = postSolution
		{39C79D09-34DA-496B-936D-4387F5DB9104}.Debug|Any CPU.ActiveCfg = Debug|Any CPU
		{39C79D09-34DA-496B-936D-4387F5DB9104}.Debug|Any CPU.Build.0 = Debug|Any CPU
		{39C79D09-34DA-496B-936D-4387F5DB9104}.Debug|arm64.ActiveCfg = Debug|Any CPU
		{39C79D09-34DA-496B-936D-4387F5DB9104}.Debug|arm64.Build.0 = Debug|Any CPU
		{39C79D09-34DA-496B-936D-4387F5DB9104}.Debug|x86.ActiveCfg = Debug|Any CPU
		{39C79D09-34DA-496B-936D-4387F5DB9104}.Debug|x86.Build.0 = Debug|Any CPU
		{39C79D09-34DA-496B-936D-4387F5DB9104}.Release|Any CPU.ActiveCfg = Release|Any CPU
		{39C79D09-34DA-496B-936D-4387F5DB9104}.Release|Any CPU.Build.0 = Release|Any CPU
		{39C79D09-34DA-496B-936D-4387F5DB9104}.Release|arm64.ActiveCfg = Release|Any CPU
		{39C79D09-34DA-496B-936D-4387F5DB9104}.Release|arm64.Build.0 = Release|Any CPU
		{39C79D09-34DA-496B-936D-4387F5DB9104}.Release|x86.ActiveCfg = Release|Any CPU
		{39C79D09-34DA-496B-936D-4387F5DB9104}.Release|x86.Build.0 = Release|Any CPU
		{83CEFCB8-F33A-4946-882D-62407F1F7D19}.Debug|Any CPU.ActiveCfg = Debug|Any CPU
		{83CEFCB8-F33A-4946-882D-62407F1F7D19}.Debug|Any CPU.Build.0 = Debug|Any CPU
		{83CEFCB8-F33A-4946-882D-62407F1F7D19}.Debug|arm64.ActiveCfg = Debug|Any CPU
		{83CEFCB8-F33A-4946-882D-62407F1F7D19}.Debug|arm64.Build.0 = Debug|Any CPU
		{83CEFCB8-F33A-4946-882D-62407F1F7D19}.Debug|x86.ActiveCfg = Debug|Any CPU
		{83CEFCB8-F33A-4946-882D-62407F1F7D19}.Debug|x86.Build.0 = Debug|Any CPU
		{83CEFCB8-F33A-4946-882D-62407F1F7D19}.Release|Any CPU.ActiveCfg = Release|Any CPU
		{83CEFCB8-F33A-4946-882D-62407F1F7D19}.Release|Any CPU.Build.0 = Release|Any CPU
		{83CEFCB8-F33A-4946-882D-62407F1F7D19}.Release|arm64.ActiveCfg = Release|Any CPU
		{83CEFCB8-F33A-4946-882D-62407F1F7D19}.Release|arm64.Build.0 = Release|Any CPU
		{83CEFCB8-F33A-4946-882D-62407F1F7D19}.Release|x86.ActiveCfg = Release|Any CPU
		{83CEFCB8-F33A-4946-882D-62407F1F7D19}.Release|x86.Build.0 = Release|Any CPU
		{026711C4-E66B-4553-8EA4-F7FE89A70C85}.Debug|Any CPU.ActiveCfg = Debug|Any CPU
		{026711C4-E66B-4553-8EA4-F7FE89A70C85}.Debug|Any CPU.Build.0 = Debug|Any CPU
		{026711C4-E66B-4553-8EA4-F7FE89A70C85}.Debug|arm64.ActiveCfg = Debug|Any CPU
		{026711C4-E66B-4553-8EA4-F7FE89A70C85}.Debug|arm64.Build.0 = Debug|Any CPU
		{026711C4-E66B-4553-8EA4-F7FE89A70C85}.Debug|x86.ActiveCfg = Debug|Any CPU
		{026711C4-E66B-4553-8EA4-F7FE89A70C85}.Debug|x86.Build.0 = Debug|Any CPU
		{026711C4-E66B-4553-8EA4-F7FE89A70C85}.Release|Any CPU.ActiveCfg = Release|Any CPU
		{026711C4-E66B-4553-8EA4-F7FE89A70C85}.Release|Any CPU.Build.0 = Release|Any CPU
		{026711C4-E66B-4553-8EA4-F7FE89A70C85}.Release|arm64.ActiveCfg = Release|Any CPU
		{026711C4-E66B-4553-8EA4-F7FE89A70C85}.Release|arm64.Build.0 = Release|Any CPU
		{026711C4-E66B-4553-8EA4-F7FE89A70C85}.Release|x86.ActiveCfg = Release|Any CPU
		{026711C4-E66B-4553-8EA4-F7FE89A70C85}.Release|x86.Build.0 = Release|Any CPU
		{6D62168E-3F32-47F9-8BC0-514BF633F903}.Debug|Any CPU.ActiveCfg = Debug|Any CPU
		{6D62168E-3F32-47F9-8BC0-514BF633F903}.Debug|Any CPU.Build.0 = Debug|Any CPU
		{6D62168E-3F32-47F9-8BC0-514BF633F903}.Debug|arm64.ActiveCfg = Debug|Any CPU
		{6D62168E-3F32-47F9-8BC0-514BF633F903}.Debug|arm64.Build.0 = Debug|Any CPU
		{6D62168E-3F32-47F9-8BC0-514BF633F903}.Debug|x86.ActiveCfg = Debug|x86
		{6D62168E-3F32-47F9-8BC0-514BF633F903}.Debug|x86.Build.0 = Debug|x86
		{6D62168E-3F32-47F9-8BC0-514BF633F903}.Release|Any CPU.ActiveCfg = Release|Any CPU
		{6D62168E-3F32-47F9-8BC0-514BF633F903}.Release|Any CPU.Build.0 = Release|Any CPU
		{6D62168E-3F32-47F9-8BC0-514BF633F903}.Release|arm64.ActiveCfg = Release|Any CPU
		{6D62168E-3F32-47F9-8BC0-514BF633F903}.Release|arm64.Build.0 = Release|Any CPU
		{6D62168E-3F32-47F9-8BC0-514BF633F903}.Release|x86.ActiveCfg = Release|x86
		{6D62168E-3F32-47F9-8BC0-514BF633F903}.Release|x86.Build.0 = Release|x86
		{86E26B75-AEA1-43FA-AEC5-A81131606D13}.Debug|Any CPU.ActiveCfg = Debug|Any CPU
		{86E26B75-AEA1-43FA-AEC5-A81131606D13}.Debug|Any CPU.Build.0 = Debug|Any CPU
		{86E26B75-AEA1-43FA-AEC5-A81131606D13}.Debug|arm64.ActiveCfg = Debug|Any CPU
		{86E26B75-AEA1-43FA-AEC5-A81131606D13}.Debug|arm64.Build.0 = Debug|Any CPU
		{86E26B75-AEA1-43FA-AEC5-A81131606D13}.Debug|x86.ActiveCfg = Debug|Any CPU
		{86E26B75-AEA1-43FA-AEC5-A81131606D13}.Debug|x86.Build.0 = Debug|Any CPU
		{86E26B75-AEA1-43FA-AEC5-A81131606D13}.Release|Any CPU.ActiveCfg = Release|Any CPU
		{86E26B75-AEA1-43FA-AEC5-A81131606D13}.Release|Any CPU.Build.0 = Release|Any CPU
		{86E26B75-AEA1-43FA-AEC5-A81131606D13}.Release|arm64.ActiveCfg = Release|Any CPU
		{86E26B75-AEA1-43FA-AEC5-A81131606D13}.Release|arm64.Build.0 = Release|Any CPU
		{86E26B75-AEA1-43FA-AEC5-A81131606D13}.Release|x86.ActiveCfg = Release|Any CPU
		{86E26B75-AEA1-43FA-AEC5-A81131606D13}.Release|x86.Build.0 = Release|Any CPU
		{7F41BB23-A8CE-4C6B-BAA9-B00AB47283E0}.Debug|Any CPU.ActiveCfg = Debug|Any CPU
		{7F41BB23-A8CE-4C6B-BAA9-B00AB47283E0}.Debug|Any CPU.Build.0 = Debug|Any CPU
		{7F41BB23-A8CE-4C6B-BAA9-B00AB47283E0}.Debug|arm64.ActiveCfg = Debug|Any CPU
		{7F41BB23-A8CE-4C6B-BAA9-B00AB47283E0}.Debug|arm64.Build.0 = Debug|Any CPU
		{7F41BB23-A8CE-4C6B-BAA9-B00AB47283E0}.Debug|x86.ActiveCfg = Debug|Any CPU
		{7F41BB23-A8CE-4C6B-BAA9-B00AB47283E0}.Debug|x86.Build.0 = Debug|Any CPU
		{7F41BB23-A8CE-4C6B-BAA9-B00AB47283E0}.Release|Any CPU.ActiveCfg = Release|Any CPU
		{7F41BB23-A8CE-4C6B-BAA9-B00AB47283E0}.Release|Any CPU.Build.0 = Release|Any CPU
		{7F41BB23-A8CE-4C6B-BAA9-B00AB47283E0}.Release|arm64.ActiveCfg = Release|Any CPU
		{7F41BB23-A8CE-4C6B-BAA9-B00AB47283E0}.Release|arm64.Build.0 = Release|Any CPU
		{7F41BB23-A8CE-4C6B-BAA9-B00AB47283E0}.Release|x86.ActiveCfg = Release|Any CPU
		{7F41BB23-A8CE-4C6B-BAA9-B00AB47283E0}.Release|x86.Build.0 = Release|Any CPU
		{1BA98BCC-D3F8-4982-8B66-AD37AAED39A3}.Debug|Any CPU.ActiveCfg = Debug|Any CPU
		{1BA98BCC-D3F8-4982-8B66-AD37AAED39A3}.Debug|Any CPU.Build.0 = Debug|Any CPU
		{1BA98BCC-D3F8-4982-8B66-AD37AAED39A3}.Debug|arm64.ActiveCfg = Debug|Any CPU
		{1BA98BCC-D3F8-4982-8B66-AD37AAED39A3}.Debug|arm64.Build.0 = Debug|Any CPU
		{1BA98BCC-D3F8-4982-8B66-AD37AAED39A3}.Debug|x86.ActiveCfg = Debug|Any CPU
		{1BA98BCC-D3F8-4982-8B66-AD37AAED39A3}.Debug|x86.Build.0 = Debug|Any CPU
		{1BA98BCC-D3F8-4982-8B66-AD37AAED39A3}.Release|Any CPU.ActiveCfg = Release|Any CPU
		{1BA98BCC-D3F8-4982-8B66-AD37AAED39A3}.Release|Any CPU.Build.0 = Release|Any CPU
		{1BA98BCC-D3F8-4982-8B66-AD37AAED39A3}.Release|arm64.ActiveCfg = Release|Any CPU
		{1BA98BCC-D3F8-4982-8B66-AD37AAED39A3}.Release|arm64.Build.0 = Release|Any CPU
		{1BA98BCC-D3F8-4982-8B66-AD37AAED39A3}.Release|x86.ActiveCfg = Release|Any CPU
		{1BA98BCC-D3F8-4982-8B66-AD37AAED39A3}.Release|x86.Build.0 = Release|Any CPU
		{070AAD55-A535-4E4C-9D33-039D3E370187}.Debug|Any CPU.ActiveCfg = Debug|Any CPU
		{070AAD55-A535-4E4C-9D33-039D3E370187}.Debug|Any CPU.Build.0 = Debug|Any CPU
		{070AAD55-A535-4E4C-9D33-039D3E370187}.Debug|arm64.ActiveCfg = Debug|Any CPU
		{070AAD55-A535-4E4C-9D33-039D3E370187}.Debug|arm64.Build.0 = Debug|Any CPU
		{070AAD55-A535-4E4C-9D33-039D3E370187}.Debug|x86.ActiveCfg = Debug|Any CPU
		{070AAD55-A535-4E4C-9D33-039D3E370187}.Debug|x86.Build.0 = Debug|Any CPU
		{070AAD55-A535-4E4C-9D33-039D3E370187}.Release|Any CPU.ActiveCfg = Release|Any CPU
		{070AAD55-A535-4E4C-9D33-039D3E370187}.Release|Any CPU.Build.0 = Release|Any CPU
		{070AAD55-A535-4E4C-9D33-039D3E370187}.Release|arm64.ActiveCfg = Release|Any CPU
		{070AAD55-A535-4E4C-9D33-039D3E370187}.Release|arm64.Build.0 = Release|Any CPU
		{070AAD55-A535-4E4C-9D33-039D3E370187}.Release|x86.ActiveCfg = Release|Any CPU
		{070AAD55-A535-4E4C-9D33-039D3E370187}.Release|x86.Build.0 = Release|Any CPU
		{409D427A-F297-41D3-BCB3-FAA3ABBFDD8E}.Debug|Any CPU.ActiveCfg = Debug|Any CPU
		{409D427A-F297-41D3-BCB3-FAA3ABBFDD8E}.Debug|Any CPU.Build.0 = Debug|Any CPU
		{409D427A-F297-41D3-BCB3-FAA3ABBFDD8E}.Debug|arm64.ActiveCfg = Debug|Any CPU
		{409D427A-F297-41D3-BCB3-FAA3ABBFDD8E}.Debug|arm64.Build.0 = Debug|Any CPU
		{409D427A-F297-41D3-BCB3-FAA3ABBFDD8E}.Debug|x86.ActiveCfg = Debug|Any CPU
		{409D427A-F297-41D3-BCB3-FAA3ABBFDD8E}.Debug|x86.Build.0 = Debug|Any CPU
		{409D427A-F297-41D3-BCB3-FAA3ABBFDD8E}.Release|Any CPU.ActiveCfg = Release|Any CPU
		{409D427A-F297-41D3-BCB3-FAA3ABBFDD8E}.Release|Any CPU.Build.0 = Release|Any CPU
		{409D427A-F297-41D3-BCB3-FAA3ABBFDD8E}.Release|arm64.ActiveCfg = Release|Any CPU
		{409D427A-F297-41D3-BCB3-FAA3ABBFDD8E}.Release|arm64.Build.0 = Release|Any CPU
		{409D427A-F297-41D3-BCB3-FAA3ABBFDD8E}.Release|x86.ActiveCfg = Release|Any CPU
		{409D427A-F297-41D3-BCB3-FAA3ABBFDD8E}.Release|x86.Build.0 = Release|Any CPU
		{A48AD329-E1C5-4C62-A86C-771DF54E8DB1}.Debug|Any CPU.ActiveCfg = Release|Any CPU
		{A48AD329-E1C5-4C62-A86C-771DF54E8DB1}.Debug|Any CPU.Build.0 = Release|Any CPU
		{A48AD329-E1C5-4C62-A86C-771DF54E8DB1}.Debug|arm64.ActiveCfg = Debug|Any CPU
		{A48AD329-E1C5-4C62-A86C-771DF54E8DB1}.Debug|arm64.Build.0 = Debug|Any CPU
		{A48AD329-E1C5-4C62-A86C-771DF54E8DB1}.Debug|x86.ActiveCfg = Debug|Any CPU
		{A48AD329-E1C5-4C62-A86C-771DF54E8DB1}.Debug|x86.Build.0 = Debug|Any CPU
		{A48AD329-E1C5-4C62-A86C-771DF54E8DB1}.Release|Any CPU.ActiveCfg = Release|Any CPU
		{A48AD329-E1C5-4C62-A86C-771DF54E8DB1}.Release|arm64.ActiveCfg = Release|Any CPU
		{A48AD329-E1C5-4C62-A86C-771DF54E8DB1}.Release|arm64.Build.0 = Release|Any CPU
		{A48AD329-E1C5-4C62-A86C-771DF54E8DB1}.Release|x86.ActiveCfg = Release|Any CPU
		{A48AD329-E1C5-4C62-A86C-771DF54E8DB1}.Release|x86.Build.0 = Release|Any CPU
		{08E5C551-9568-4D5D-8416-BB4BA8445EC2}.Debug|Any CPU.ActiveCfg = Debug|Any CPU
		{08E5C551-9568-4D5D-8416-BB4BA8445EC2}.Debug|Any CPU.Build.0 = Debug|Any CPU
		{08E5C551-9568-4D5D-8416-BB4BA8445EC2}.Debug|arm64.ActiveCfg = Debug|Any CPU
		{08E5C551-9568-4D5D-8416-BB4BA8445EC2}.Debug|arm64.Build.0 = Debug|Any CPU
		{08E5C551-9568-4D5D-8416-BB4BA8445EC2}.Debug|x86.ActiveCfg = Debug|Any CPU
		{08E5C551-9568-4D5D-8416-BB4BA8445EC2}.Debug|x86.Build.0 = Debug|Any CPU
		{08E5C551-9568-4D5D-8416-BB4BA8445EC2}.Release|Any CPU.ActiveCfg = Release|Any CPU
		{08E5C551-9568-4D5D-8416-BB4BA8445EC2}.Release|arm64.ActiveCfg = Release|Any CPU
		{08E5C551-9568-4D5D-8416-BB4BA8445EC2}.Release|arm64.Build.0 = Release|Any CPU
		{08E5C551-9568-4D5D-8416-BB4BA8445EC2}.Release|x86.ActiveCfg = Release|Any CPU
		{08E5C551-9568-4D5D-8416-BB4BA8445EC2}.Release|x86.Build.0 = Release|Any CPU
		{A3766C67-CE33-4CD7-956D-C9237262B5E4}.Debug|Any CPU.ActiveCfg = Debug|Any CPU
		{A3766C67-CE33-4CD7-956D-C9237262B5E4}.Debug|Any CPU.Build.0 = Debug|Any CPU
		{A3766C67-CE33-4CD7-956D-C9237262B5E4}.Debug|arm64.ActiveCfg = Debug|Any CPU
		{A3766C67-CE33-4CD7-956D-C9237262B5E4}.Debug|arm64.Build.0 = Debug|Any CPU
		{A3766C67-CE33-4CD7-956D-C9237262B5E4}.Debug|x86.ActiveCfg = Debug|Any CPU
		{A3766C67-CE33-4CD7-956D-C9237262B5E4}.Debug|x86.Build.0 = Debug|Any CPU
		{A3766C67-CE33-4CD7-956D-C9237262B5E4}.Release|Any CPU.ActiveCfg = Release|Any CPU
		{A3766C67-CE33-4CD7-956D-C9237262B5E4}.Release|Any CPU.Build.0 = Release|Any CPU
		{A3766C67-CE33-4CD7-956D-C9237262B5E4}.Release|arm64.ActiveCfg = Release|Any CPU
		{A3766C67-CE33-4CD7-956D-C9237262B5E4}.Release|arm64.Build.0 = Release|Any CPU
		{A3766C67-CE33-4CD7-956D-C9237262B5E4}.Release|x86.ActiveCfg = Release|Any CPU
		{A3766C67-CE33-4CD7-956D-C9237262B5E4}.Release|x86.Build.0 = Release|Any CPU
	EndGlobalSection
	GlobalSection(SolutionProperties) = preSolution
		HideSolutionNode = FALSE
	EndGlobalSection
	GlobalSection(NestedProjects) = preSolution
		{39C79D09-34DA-496B-936D-4387F5DB9104} = {25C2E758-AC65-4A3A-A11A-2D3510C01BB8}
		{83CEFCB8-F33A-4946-882D-62407F1F7D19} = {D8082781-8981-4B17-9E4A-5C25EF7E3892}
		{026711C4-E66B-4553-8EA4-F7FE89A70C85} = {42465826-0737-421D-9D08-30F8C43D7912}
		{6D62168E-3F32-47F9-8BC0-514BF633F903} = {D8082781-8981-4B17-9E4A-5C25EF7E3892}
		{86E26B75-AEA1-43FA-AEC5-A81131606D13} = {25C2E758-AC65-4A3A-A11A-2D3510C01BB8}
		{7F41BB23-A8CE-4C6B-BAA9-B00AB47283E0} = {42465826-0737-421D-9D08-30F8C43D7912}
		{1BA98BCC-D3F8-4982-8B66-AD37AAED39A3} = {25C2E758-AC65-4A3A-A11A-2D3510C01BB8}
		{070AAD55-A535-4E4C-9D33-039D3E370187} = {D8082781-8981-4B17-9E4A-5C25EF7E3892}
		{409D427A-F297-41D3-BCB3-FAA3ABBFDD8E} = {92AD1B40-F1BD-4112-814A-6F94A1501FEE}
		{A48AD329-E1C5-4C62-A86C-771DF54E8DB1} = {92AD1B40-F1BD-4112-814A-6F94A1501FEE}
		{92AD1B40-F1BD-4112-814A-6F94A1501FEE} = {25C2E758-AC65-4A3A-A11A-2D3510C01BB8}
		{08E5C551-9568-4D5D-8416-BB4BA8445EC2} = {42465826-0737-421D-9D08-30F8C43D7912}
		{A3766C67-CE33-4CD7-956D-C9237262B5E4} = {92AD1B40-F1BD-4112-814A-6F94A1501FEE}
	EndGlobalSection
	GlobalSection(ExtensibilityGlobals) = postSolution
		SolutionGuid = {31FB6D39-7D9F-44BC-AF8B-3AA700C8C087}
	EndGlobalSection
EndGlobal
