
Microsoft Visual Studio Solution File, Format Version 12.00
# Visual Studio Version 16
VisualStudioVersion = 16.0.29509.3
MinimumVisualStudioVersion = 10.0.40219.1
Project("{FAE04EC0-301F-11D3-BF4B-00C04F79EFBC}") = "DesignPatternRecognizer", "DesignPatternRecognizer\DesignPatternRecognizer.csproj", "{42AAA782-F64B-4B92-8B72-4BF414CEB1B3}"
EndProject
Project("{9A19103F-16F7-4668-BE54-9A1E7A4F7556}") = "SyntaxTreeManualTraversal", "SyntaxTreeManualTraversal\SyntaxTreeManualTraversal.csproj", "{375DAACF-30B2-43BC-8656-7291CEB47A49}"
EndProject
Global
	GlobalSection(SolutionConfigurationPlatforms) = preSolution
		Debug|Any CPU = Debug|Any CPU
		Release|Any CPU = Release|Any CPU
	EndGlobalSection
	GlobalSection(ProjectConfigurationPlatforms) = postSolution
		{42AAA782-F64B-4B92-8B72-4BF414CEB1B3}.Debug|Any CPU.ActiveCfg = Debug|Any CPU
		{42AAA782-F64B-4B92-8B72-4BF414CEB1B3}.Debug|Any CPU.Build.0 = Debug|Any CPU
		{42AAA782-F64B-4B92-8B72-4BF414CEB1B3}.Release|Any CPU.ActiveCfg = Release|Any CPU
		{42AAA782-F64B-4B92-8B72-4BF414CEB1B3}.Release|Any CPU.Build.0 = Release|Any CPU
		{375DAACF-30B2-43BC-8656-7291CEB47A49}.Debug|Any CPU.ActiveCfg = Debug|Any CPU
		{375DAACF-30B2-43BC-8656-7291CEB47A49}.Debug|Any CPU.Build.0 = Debug|Any CPU
		{375DAACF-30B2-43BC-8656-7291CEB47A49}.Release|Any CPU.ActiveCfg = Release|Any CPU
		{375DAACF-30B2-43BC-8656-7291CEB47A49}.Release|Any CPU.Build.0 = Release|Any CPU
	EndGlobalSection
	GlobalSection(SolutionProperties) = preSolution
		HideSolutionNode = FALSE
	EndGlobalSection
	GlobalSection(ExtensibilityGlobals) = postSolution
		SolutionGuid = {C775A2B6-39B4-463E-BEE0-E05BEF73B05B}
	EndGlobalSection
EndGlobal
