
Microsoft Visual Studio Solution File, Format Version 12.00
# Visual Studio Version 17
VisualStudioVersion = 17.0.32014.148
MinimumVisualStudioVersion = 10.0.40219.1
Project("{9A19103F-16F7-4668-BE54-9A1E7A4F7556}") = "IDesign.Recognizers", "IDesign.Regonizers\IDesign.Recognizers.csproj", "{1F20D376-AA08-45BE-9589-CFD70932C170}"
EndProject
Project("{2150E333-8FDC-42A3-9474-1A3956D46DE8}") = "10 - Back-end", "10 - Back-end", "{25C2E758-AC65-4A3A-A11A-2D3510C01BB8}"
EndProject
Project("{2150E333-8FDC-42A3-9474-1A3956D46DE8}") = "20 - Front-end", "20 - Front-end", "{D8082781-8981-4B17-9E4A-5C25EF7E3892}"
	ProjectSection(SolutionItems) = preProject
		IDesign.Regonizers\Abstractions\IResult.cs = IDesign.Regonizers\Abstractions\IResult.cs
	EndProjectSection
EndProject
Project("{9A19103F-16F7-4668-BE54-9A1E7A4F7556}") = "IDesign.Core", "IDesign.Core\IDesign.Core.csproj", "{39C79D09-34DA-496B-936D-4387F5DB9104}"
EndProject
Project("{2150E333-8FDC-42A3-9474-1A3956D46DE8}") = "30 - Tests", "30 - Tests", "{42465826-0737-421D-9D08-30F8C43D7912}"
EndProject
Project("{FAE04EC0-301F-11D3-BF4B-00C04F79EFBC}") = "IDesign.ConsoleApp", "IDesign.Console\IDesign.ConsoleApp.csproj", "{83CEFCB8-F33A-4946-882D-62407F1F7D19}"
EndProject
Project("{9A19103F-16F7-4668-BE54-9A1E7A4F7556}") = "IDesign.Tests", "IDesign.Tests\IDesign.Tests.csproj", "{026711C4-E66B-4553-8EA4-F7FE89A70C85}"
EndProject
Project("{FAE04EC0-301F-11D3-BF4B-00C04F79EFBC}") = "IDesign.Extension", "IDesign.Extension\IDesign.Extension.csproj", "{6D62168E-3F32-47F9-8BC0-514BF633F903}"
EndProject
Project("{9A19103F-16F7-4668-BE54-9A1E7A4F7556}") = "IDesign.CommonResources", "IDesign.CommonResources\IDesign.CommonResources.csproj", "{68B3C66E-D837-4B67-B674-C994BC4E207B}"
EndProject
Project("{9A19103F-16F7-4668-BE54-9A1E7A4F7556}") = "IDesign.SyntaxTree", "IDesign.SyntaxTree\IDesign.SyntaxTree.csproj", "{86E26B75-AEA1-43FA-AEC5-A81131606D13}"
EndProject
Project("{9A19103F-16F7-4668-BE54-9A1E7A4F7556}") = "IDesign.StepByStep", "IDesign.StepByStep\IDesign.StepByStep.csproj", "{206F6058-7DFB-4676-AACA-CFAAF56E6936}"
EndProject
Project("{FAE04EC0-301F-11D3-BF4B-00C04F79EFBC}") = "IDesign.LoggingAPI", "IDesign.LoggingAPI\IDesign.LoggingAPI.csproj", "{73E00CC9-C588-41FF-B7FD-2F5EFC59D9F2}"
EndProject
Global
	GlobalSection(SolutionConfigurationPlatforms) = preSolution
		Debug|Any CPU = Debug|Any CPU
		Release|Any CPU = Release|Any CPU
	EndGlobalSection
	GlobalSection(ProjectConfigurationPlatforms) = postSolution
		{1F20D376-AA08-45BE-9589-CFD70932C170}.Debug|Any CPU.ActiveCfg = Debug|Any CPU
		{1F20D376-AA08-45BE-9589-CFD70932C170}.Debug|Any CPU.Build.0 = Debug|Any CPU
		{1F20D376-AA08-45BE-9589-CFD70932C170}.Release|Any CPU.ActiveCfg = Release|Any CPU
		{1F20D376-AA08-45BE-9589-CFD70932C170}.Release|Any CPU.Build.0 = Release|Any CPU
		{39C79D09-34DA-496B-936D-4387F5DB9104}.Debug|Any CPU.ActiveCfg = Debug|Any CPU
		{39C79D09-34DA-496B-936D-4387F5DB9104}.Debug|Any CPU.Build.0 = Debug|Any CPU
		{39C79D09-34DA-496B-936D-4387F5DB9104}.Release|Any CPU.ActiveCfg = Release|Any CPU
		{39C79D09-34DA-496B-936D-4387F5DB9104}.Release|Any CPU.Build.0 = Release|Any CPU
		{83CEFCB8-F33A-4946-882D-62407F1F7D19}.Debug|Any CPU.ActiveCfg = Debug|Any CPU
		{83CEFCB8-F33A-4946-882D-62407F1F7D19}.Debug|Any CPU.Build.0 = Debug|Any CPU
		{83CEFCB8-F33A-4946-882D-62407F1F7D19}.Release|Any CPU.ActiveCfg = Release|Any CPU
		{83CEFCB8-F33A-4946-882D-62407F1F7D19}.Release|Any CPU.Build.0 = Release|Any CPU
		{026711C4-E66B-4553-8EA4-F7FE89A70C85}.Debug|Any CPU.ActiveCfg = Debug|Any CPU
		{026711C4-E66B-4553-8EA4-F7FE89A70C85}.Debug|Any CPU.Build.0 = Debug|Any CPU
		{026711C4-E66B-4553-8EA4-F7FE89A70C85}.Release|Any CPU.ActiveCfg = Release|Any CPU
		{026711C4-E66B-4553-8EA4-F7FE89A70C85}.Release|Any CPU.Build.0 = Release|Any CPU
		{6D62168E-3F32-47F9-8BC0-514BF633F903}.Debug|Any CPU.ActiveCfg = Debug|Any CPU
		{6D62168E-3F32-47F9-8BC0-514BF633F903}.Debug|Any CPU.Build.0 = Debug|Any CPU
		{6D62168E-3F32-47F9-8BC0-514BF633F903}.Release|Any CPU.ActiveCfg = Release|Any CPU
		{6D62168E-3F32-47F9-8BC0-514BF633F903}.Release|Any CPU.Build.0 = Release|Any CPU
		{68B3C66E-D837-4B67-B674-C994BC4E207B}.Debug|Any CPU.ActiveCfg = Debug|Any CPU
		{68B3C66E-D837-4B67-B674-C994BC4E207B}.Debug|Any CPU.Build.0 = Debug|Any CPU
		{68B3C66E-D837-4B67-B674-C994BC4E207B}.Release|Any CPU.ActiveCfg = Release|Any CPU
		{68B3C66E-D837-4B67-B674-C994BC4E207B}.Release|Any CPU.Build.0 = Release|Any CPU
		{86E26B75-AEA1-43FA-AEC5-A81131606D13}.Debug|Any CPU.ActiveCfg = Debug|Any CPU
		{86E26B75-AEA1-43FA-AEC5-A81131606D13}.Debug|Any CPU.Build.0 = Debug|Any CPU
		{86E26B75-AEA1-43FA-AEC5-A81131606D13}.Release|Any CPU.ActiveCfg = Release|Any CPU
		{86E26B75-AEA1-43FA-AEC5-A81131606D13}.Release|Any CPU.Build.0 = Release|Any CPU
		{206F6058-7DFB-4676-AACA-CFAAF56E6936}.Debug|Any CPU.ActiveCfg = Debug|Any CPU
		{206F6058-7DFB-4676-AACA-CFAAF56E6936}.Debug|Any CPU.Build.0 = Debug|Any CPU
		{206F6058-7DFB-4676-AACA-CFAAF56E6936}.Release|Any CPU.ActiveCfg = Release|Any CPU
		{206F6058-7DFB-4676-AACA-CFAAF56E6936}.Release|Any CPU.Build.0 = Release|Any CPU
		{73E00CC9-C588-41FF-B7FD-2F5EFC59D9F2}.Debug|Any CPU.ActiveCfg = Debug|Any CPU
		{73E00CC9-C588-41FF-B7FD-2F5EFC59D9F2}.Debug|Any CPU.Build.0 = Debug|Any CPU
		{73E00CC9-C588-41FF-B7FD-2F5EFC59D9F2}.Release|Any CPU.ActiveCfg = Release|Any CPU
		{73E00CC9-C588-41FF-B7FD-2F5EFC59D9F2}.Release|Any CPU.Build.0 = Release|Any CPU
	EndGlobalSection
	GlobalSection(SolutionProperties) = preSolution
		HideSolutionNode = FALSE
	EndGlobalSection
	GlobalSection(NestedProjects) = preSolution
		{1F20D376-AA08-45BE-9589-CFD70932C170} = {25C2E758-AC65-4A3A-A11A-2D3510C01BB8}
		{39C79D09-34DA-496B-936D-4387F5DB9104} = {25C2E758-AC65-4A3A-A11A-2D3510C01BB8}
		{83CEFCB8-F33A-4946-882D-62407F1F7D19} = {D8082781-8981-4B17-9E4A-5C25EF7E3892}
		{026711C4-E66B-4553-8EA4-F7FE89A70C85} = {42465826-0737-421D-9D08-30F8C43D7912}
		{6D62168E-3F32-47F9-8BC0-514BF633F903} = {D8082781-8981-4B17-9E4A-5C25EF7E3892}
		{68B3C66E-D837-4B67-B674-C994BC4E207B} = {D8082781-8981-4B17-9E4A-5C25EF7E3892}
		{86E26B75-AEA1-43FA-AEC5-A81131606D13} = {25C2E758-AC65-4A3A-A11A-2D3510C01BB8}
		{206F6058-7DFB-4676-AACA-CFAAF56E6936} = {25C2E758-AC65-4A3A-A11A-2D3510C01BB8}
		{73E00CC9-C588-41FF-B7FD-2F5EFC59D9F2} = {25C2E758-AC65-4A3A-A11A-2D3510C01BB8}
	EndGlobalSection
	GlobalSection(ExtensibilityGlobals) = postSolution
		SolutionGuid = {31FB6D39-7D9F-44BC-AF8B-3AA700C8C087}
	EndGlobalSection
EndGlobal
