
Microsoft Visual Studio Solution File, Format Version 12.00
# Visual Studio Version 16
VisualStudioVersion = 16.0.29509.3
MinimumVisualStudioVersion = 10.0.40219.1
Project("{9A19103F-16F7-4668-BE54-9A1E7A4F7556}") = "IDesign.Regonizers", "IDesign.Regonizers\IDesign.Regonizers.csproj", "{1F20D376-AA08-45BE-9589-CFD70932C170}"
EndProject
Project("{2150E333-8FDC-42A3-9474-1A3956D46DE8}") = "10 - Back-end", "10 - Back-end", "{25C2E758-AC65-4A3A-A11A-2D3510C01BB8}"
EndProject
Project("{2150E333-8FDC-42A3-9474-1A3956D46DE8}") = "20 - Front-end", "20 - Front-end", "{D8082781-8981-4B17-9E4A-5C25EF7E3892}"
EndProject
Project("{9A19103F-16F7-4668-BE54-9A1E7A4F7556}") = "IDesign.Core", "IDesign.Core\IDesign.Core.csproj", "{39C79D09-34DA-496B-936D-4387F5DB9104}"
EndProject
Project("{2150E333-8FDC-42A3-9474-1A3956D46DE8}") = "30 - Tests", "30 - Tests", "{42465826-0737-421D-9D08-30F8C43D7912}"
EndProject
Project("{FAE04EC0-301F-11D3-BF4B-00C04F79EFBC}") = "IDesign.ConsoleApp", "IDesign.Console\IDesign.ConsoleApp.csproj", "{83CEFCB8-F33A-4946-882D-62407F1F7D19}"
EndProject
Project("{9A19103F-16F7-4668-BE54-9A1E7A4F7556}") = "IDesign.Tests", "IDesign.Tests\IDesign.Tests.csproj", "{026711C4-E66B-4553-8EA4-F7FE89A70C85}"
EndProject
Project("{FAE04EC0-301F-11D3-BF4B-00C04F79EFBC}") = "IDesign.Extension", "IDesign.Extension\IDesign.Extension.csproj", "{6D62168E-3F32-47F9-8BC0-514BF633F903}"
EndProject
Project("{9A19103F-16F7-4668-BE54-9A1E7A4F7556}") = "IDesign.Checks", "IDesign.Check\IDesign.Checks.csproj", "{73F46AB3-0AAA-422F-B23D-C83DC05864BE}"
EndProject
Global
	GlobalSection(SolutionConfigurationPlatforms) = preSolution
		Debug|Any CPU = Debug|Any CPU
		Release|Any CPU = Release|Any CPU
	EndGlobalSection
	GlobalSection(ProjectConfigurationPlatforms) = postSolution
		{1F20D376-AA08-45BE-9589-CFD70932C170}.Debug|Any CPU.ActiveCfg = Debug|Any CPU
		{1F20D376-AA08-45BE-9589-CFD70932C170}.Debug|Any CPU.Build.0 = Debug|Any CPU
		{1F20D376-AA08-45BE-9589-CFD70932C170}.Release|Any CPU.ActiveCfg = Release|Any CPU
		{1F20D376-AA08-45BE-9589-CFD70932C170}.Release|Any CPU.Build.0 = Release|Any CPU
		{39C79D09-34DA-496B-936D-4387F5DB9104}.Debug|Any CPU.ActiveCfg = Debug|Any CPU
		{39C79D09-34DA-496B-936D-4387F5DB9104}.Debug|Any CPU.Build.0 = Debug|Any CPU
		{39C79D09-34DA-496B-936D-4387F5DB9104}.Release|Any CPU.ActiveCfg = Release|Any CPU
		{39C79D09-34DA-496B-936D-4387F5DB9104}.Release|Any CPU.Build.0 = Release|Any CPU
		{83CEFCB8-F33A-4946-882D-62407F1F7D19}.Debug|Any CPU.ActiveCfg = Debug|Any CPU
		{83CEFCB8-F33A-4946-882D-62407F1F7D19}.Debug|Any CPU.Build.0 = Debug|Any CPU
		{83CEFCB8-F33A-4946-882D-62407F1F7D19}.Release|Any CPU.ActiveCfg = Release|Any CPU
		{83CEFCB8-F33A-4946-882D-62407F1F7D19}.Release|Any CPU.Build.0 = Release|Any CPU
		{08EB1A6B-D2F4-4E17-8C8F-A645308C3962}.Debug|Any CPU.ActiveCfg = Debug|Any CPU
		{08EB1A6B-D2F4-4E17-8C8F-A645308C3962}.Debug|Any CPU.Build.0 = Debug|Any CPU
		{08EB1A6B-D2F4-4E17-8C8F-A645308C3962}.Release|Any CPU.ActiveCfg = Release|Any CPU
		{08EB1A6B-D2F4-4E17-8C8F-A645308C3962}.Release|Any CPU.Build.0 = Release|Any CPU
		{026711C4-E66B-4553-8EA4-F7FE89A70C85}.Debug|Any CPU.ActiveCfg = Debug|Any CPU
		{026711C4-E66B-4553-8EA4-F7FE89A70C85}.Debug|Any CPU.Build.0 = Debug|Any CPU
		{026711C4-E66B-4553-8EA4-F7FE89A70C85}.Release|Any CPU.ActiveCfg = Release|Any CPU
		{026711C4-E66B-4553-8EA4-F7FE89A70C85}.Release|Any CPU.Build.0 = Release|Any CPU
		{6D62168E-3F32-47F9-8BC0-514BF633F903}.Debug|Any CPU.ActiveCfg = Debug|Any CPU
		{6D62168E-3F32-47F9-8BC0-514BF633F903}.Debug|Any CPU.Build.0 = Debug|Any CPU
		{6D62168E-3F32-47F9-8BC0-514BF633F903}.Release|Any CPU.ActiveCfg = Release|Any CPU
		{6D62168E-3F32-47F9-8BC0-514BF633F903}.Release|Any CPU.Build.0 = Release|Any CPU
		{73F46AB3-0AAA-422F-B23D-C83DC05864BE}.Debug|Any CPU.ActiveCfg = Debug|Any CPU
		{73F46AB3-0AAA-422F-B23D-C83DC05864BE}.Debug|Any CPU.Build.0 = Debug|Any CPU
		{73F46AB3-0AAA-422F-B23D-C83DC05864BE}.Release|Any CPU.ActiveCfg = Release|Any CPU
		{73F46AB3-0AAA-422F-B23D-C83DC05864BE}.Release|Any CPU.Build.0 = Release|Any CPU
	EndGlobalSection
	GlobalSection(SolutionProperties) = preSolution
		HideSolutionNode = FALSE
	EndGlobalSection
	GlobalSection(NestedProjects) = preSolution
		{1F20D376-AA08-45BE-9589-CFD70932C170} = {25C2E758-AC65-4A3A-A11A-2D3510C01BB8}
		{39C79D09-34DA-496B-936D-4387F5DB9104} = {25C2E758-AC65-4A3A-A11A-2D3510C01BB8}
		{83CEFCB8-F33A-4946-882D-62407F1F7D19} = {D8082781-8981-4B17-9E4A-5C25EF7E3892}
		{08EB1A6B-D2F4-4E17-8C8F-A645308C3962} = {42465826-0737-421D-9D08-30F8C43D7912}
		{6D62168E-3F32-47F9-8BC0-514BF633F903} = {D8082781-8981-4B17-9E4A-5C25EF7E3892}
		{73F46AB3-0AAA-422F-B23D-C83DC05864BE} = {25C2E758-AC65-4A3A-A11A-2D3510C01BB8}
	EndGlobalSection
	GlobalSection(ExtensibilityGlobals) = postSolution
		SolutionGuid = {31FB6D39-7D9F-44BC-AF8B-3AA700C8C087}
	EndGlobalSection
EndGlobal
